
Microsoft Visual Studio Solution File, Format Version 12.00
# Visual Studio 15
VisualStudioVersion = 15.0.28307.960
MinimumVisualStudioVersion = 10.0.40219.1
Project("{FAE04EC0-301F-11D3-BF4B-00C04F79EFBC}") = "DataEditor", "DataEditor\DataEditor.csproj", "{53E30F78-48E5-43C1-B066-9AE60F2659DB}"
EndProject
Project("{FAE04EC0-301F-11D3-BF4B-00C04F79EFBC}") = "Demo", "Demo\Demo.csproj", "{19A61F22-2646-452A-A92B-37F164050241}"
EndProject
Project("{FAE04EC0-301F-11D3-BF4B-00C04F79EFBC}") = "DTO", "DTO\DTO.csproj", "{A6555194-9781-4F29-A1B7-3E5F84CD2C3F}"
EndProject
Global
	GlobalSection(SolutionConfigurationPlatforms) = preSolution
		Debug|Any CPU = Debug|Any CPU
		Release|Any CPU = Release|Any CPU
	EndGlobalSection
	GlobalSection(ProjectConfigurationPlatforms) = postSolution
		{53E30F78-48E5-43C1-B066-9AE60F2659DB}.Debug|Any CPU.ActiveCfg = Debug|Any CPU
		{53E30F78-48E5-43C1-B066-9AE60F2659DB}.Debug|Any CPU.Build.0 = Debug|Any CPU
		{53E30F78-48E5-43C1-B066-9AE60F2659DB}.Release|Any CPU.ActiveCfg = Release|Any CPU
		{53E30F78-48E5-43C1-B066-9AE60F2659DB}.Release|Any CPU.Build.0 = Release|Any CPU
		{19A61F22-2646-452A-A92B-37F164050241}.Debug|Any CPU.ActiveCfg = Debug|Any CPU
		{19A61F22-2646-452A-A92B-37F164050241}.Debug|Any CPU.Build.0 = Debug|Any CPU
		{19A61F22-2646-452A-A92B-37F164050241}.Release|Any CPU.ActiveCfg = Release|Any CPU
		{19A61F22-2646-452A-A92B-37F164050241}.Release|Any CPU.Build.0 = Release|Any CPU
		{A6555194-9781-4F29-A1B7-3E5F84CD2C3F}.Debug|Any CPU.ActiveCfg = Debug|Any CPU
		{A6555194-9781-4F29-A1B7-3E5F84CD2C3F}.Debug|Any CPU.Build.0 = Debug|Any CPU
		{A6555194-9781-4F29-A1B7-3E5F84CD2C3F}.Release|Any CPU.ActiveCfg = Release|Any CPU
		{A6555194-9781-4F29-A1B7-3E5F84CD2C3F}.Release|Any CPU.Build.0 = Release|Any CPU
	EndGlobalSection
	GlobalSection(SolutionProperties) = preSolution
		HideSolutionNode = FALSE
	EndGlobalSection
	GlobalSection(ExtensibilityGlobals) = postSolution
		SolutionGuid = {E5A879C6-71F4-4CB4-9576-DAFC96871337}
	EndGlobalSection
EndGlobal
